
Microsoft Visual Studio Solution File, Format Version 12.00
# Visual Studio Version 17
VisualStudioVersion = 17.0.31903.59
MinimumVisualStudioVersion = 10.0.40219.1
Project("{FAE04EC0-301F-11D3-BF4B-00C04F79EFBC}") = "LumenSoft.UI.Site", "LumenSoft.UI.Site\LumenSoft.UI.Site.csproj", "{ECBD01BE-AF9E-40C1-B6C0-D9D38C5ED8C1}"
EndProject
Global
	GlobalSection(SolutionConfigurationPlatforms) = preSolution
		Debug|Any CPU = Debug|Any CPU
		Release|Any CPU = Release|Any CPU
	EndGlobalSection
	GlobalSection(ProjectConfigurationPlatforms) = postSolution
		{ECBD01BE-AF9E-40C1-B6C0-D9D38C5ED8C1}.Debug|Any CPU.ActiveCfg = Debug|Any CPU
		{ECBD01BE-AF9E-40C1-B6C0-D9D38C5ED8C1}.Debug|Any CPU.Build.0 = Debug|Any CPU
		{ECBD01BE-AF9E-40C1-B6C0-D9D38C5ED8C1}.Release|Any CPU.ActiveCfg = Release|Any CPU
		{ECBD01BE-AF9E-40C1-B6C0-D9D38C5ED8C1}.Release|Any CPU.Build.0 = Release|Any CPU
	EndGlobalSection
	GlobalSection(SolutionProperties) = preSolution
		HideSolutionNode = FALSE
	EndGlobalSection
	GlobalSection(ExtensibilityGlobals) = postSolution
		SolutionGuid = {2FEC07E4-6269-499A-B0F9-3C454356CF5E}
	EndGlobalSection
EndGlobal
